
Microsoft Visual Studio Solution File, Format Version 12.00
# Visual Studio Version 17
VisualStudioVersion = 17.5.33502.453
MinimumVisualStudioVersion = 10.0.40219.1
Project("{9A19103F-16F7-4668-BE54-9A1E7A4F7556}") = "AEET", "AEET.csproj", "{ECC86C08-B203-4A42-AAB4-D041DF327DB2}"
EndProject
Global
	GlobalSection(SolutionConfigurationPlatforms) = preSolution
		Debug|Any CPU = Debug|Any CPU
		Release|Any CPU = Release|Any CPU
	EndGlobalSection
	GlobalSection(ProjectConfigurationPlatforms) = postSolution
		{ECC86C08-B203-4A42-AAB4-D041DF327DB2}.Debug|Any CPU.ActiveCfg = Debug|Any CPU
		{ECC86C08-B203-4A42-AAB4-D041DF327DB2}.Debug|Any CPU.Build.0 = Debug|Any CPU
		{ECC86C08-B203-4A42-AAB4-D041DF327DB2}.Release|Any CPU.ActiveCfg = Release|Any CPU
		{ECC86C08-B203-4A42-AAB4-D041DF327DB2}.Release|Any CPU.Build.0 = Release|Any CPU
	EndGlobalSection
	GlobalSection(SolutionProperties) = preSolution
		HideSolutionNode = FALSE
	EndGlobalSection
	GlobalSection(ExtensibilityGlobals) = postSolution
		SolutionGuid = {4EF4DAE9-F185-4075-B006-E23DA4F7B706}
	EndGlobalSection
EndGlobal
